
Microsoft Visual Studio Solution File, Format Version 12.00
# Visual Studio Version 17
VisualStudioVersion = 17.9.34714.143
MinimumVisualStudioVersion = 10.0.40219.1
Project("{FAE04EC0-301F-11D3-BF4B-00C04F79EFBC}") = "EntelectUniCup_PracticeProblem1", "EntelectUniCup_PracticeProblem1.csproj", "{DAC720BB-158A-4B71-A8B0-9FA5AD3DC196}"
EndProject
Global
	GlobalSection(SolutionConfigurationPlatforms) = preSolution
		Debug|Any CPU = Debug|Any CPU
		Release|Any CPU = Release|Any CPU
	EndGlobalSection
	GlobalSection(ProjectConfigurationPlatforms) = postSolution
		{DAC720BB-158A-4B71-A8B0-9FA5AD3DC196}.Debug|Any CPU.ActiveCfg = Debug|Any CPU
		{DAC720BB-158A-4B71-A8B0-9FA5AD3DC196}.Debug|Any CPU.Build.0 = Debug|Any CPU
		{DAC720BB-158A-4B71-A8B0-9FA5AD3DC196}.Release|Any CPU.ActiveCfg = Release|Any CPU
		{DAC720BB-158A-4B71-A8B0-9FA5AD3DC196}.Release|Any CPU.Build.0 = Release|Any CPU
	EndGlobalSection
	GlobalSection(SolutionProperties) = preSolution
		HideSolutionNode = FALSE
	EndGlobalSection
	GlobalSection(ExtensibilityGlobals) = postSolution
		SolutionGuid = {7E80363E-DE93-4148-8B8D-CD7EF3DCF165}
	EndGlobalSection
EndGlobal
